
Microsoft Visual Studio Solution File, Format Version 12.00
# Visual Studio Version 16
VisualStudioVersion = 16.0.32407.337
MinimumVisualStudioVersion = 10.0.40219.1
Project("{8BC9CEB8-8B4A-11D0-8D11-00A0C91BC942}") = "CSE-687_OOD-Project", "CSE-687_OOD-Project\CSE-687_OOD-Project.vcxproj", "{70B5A473-D05B-4E10-998F-BA89A50EB035}"
EndProject
Project("{8BC9CEB8-8B4A-11D0-8D11-00A0C91BC942}") = "CSE-687_OOD-Project-Unit-Tests", "CSE-687_OOD-Project-Unit-Tests\CSE-687_OOD-Project-Unit-Tests.vcxproj", "{8E26102F-5392-4EF4-8C15-A2C733E5BE56}"
EndProject
Project("{8BC9CEB8-8B4A-11D0-8D11-00A0C91BC942}") = "UtilityLibrary", "UtilityLibrary\UtilityLibrary.vcxproj", "{0A338E13-83FE-4860-94E7-406AD5E51C82}"
EndProject
Project("{8BC9CEB8-8B4A-11D0-8D11-00A0C91BC942}") = "MapperLibrary", "MapperLibrary\MapperLibrary.vcxproj", "{89B9BF83-E6B9-477D-BF0C-642D2B5BE603}"
EndProject
Global
	GlobalSection(SolutionConfigurationPlatforms) = preSolution
		Debug|x64 = Debug|x64
		Debug|x86 = Debug|x86
		Release|x64 = Release|x64
		Release|x86 = Release|x86
	EndGlobalSection
	GlobalSection(ProjectConfigurationPlatforms) = postSolution
		{70B5A473-D05B-4E10-998F-BA89A50EB035}.Debug|x64.ActiveCfg = Debug|x64
		{70B5A473-D05B-4E10-998F-BA89A50EB035}.Debug|x64.Build.0 = Debug|x64
		{70B5A473-D05B-4E10-998F-BA89A50EB035}.Debug|x86.ActiveCfg = Debug|Win32
		{70B5A473-D05B-4E10-998F-BA89A50EB035}.Debug|x86.Build.0 = Debug|Win32
		{70B5A473-D05B-4E10-998F-BA89A50EB035}.Release|x64.ActiveCfg = Release|x64
		{70B5A473-D05B-4E10-998F-BA89A50EB035}.Release|x64.Build.0 = Release|x64
		{70B5A473-D05B-4E10-998F-BA89A50EB035}.Release|x86.ActiveCfg = Release|Win32
		{70B5A473-D05B-4E10-998F-BA89A50EB035}.Release|x86.Build.0 = Release|Win32
		{8E26102F-5392-4EF4-8C15-A2C733E5BE56}.Debug|x64.ActiveCfg = Debug|x64
		{8E26102F-5392-4EF4-8C15-A2C733E5BE56}.Debug|x64.Build.0 = Debug|x64
		{8E26102F-5392-4EF4-8C15-A2C733E5BE56}.Debug|x86.ActiveCfg = Debug|Win32
		{8E26102F-5392-4EF4-8C15-A2C733E5BE56}.Debug|x86.Build.0 = Debug|Win32
		{8E26102F-5392-4EF4-8C15-A2C733E5BE56}.Release|x64.ActiveCfg = Release|x64
		{8E26102F-5392-4EF4-8C15-A2C733E5BE56}.Release|x64.Build.0 = Release|x64
		{8E26102F-5392-4EF4-8C15-A2C733E5BE56}.Release|x86.ActiveCfg = Release|Win32
		{8E26102F-5392-4EF4-8C15-A2C733E5BE56}.Release|x86.Build.0 = Release|Win32
		{0A338E13-83FE-4860-94E7-406AD5E51C82}.Debug|x64.ActiveCfg = Debug|x64
		{0A338E13-83FE-4860-94E7-406AD5E51C82}.Debug|x64.Build.0 = Debug|x64
		{0A338E13-83FE-4860-94E7-406AD5E51C82}.Debug|x86.ActiveCfg = Debug|Win32
		{0A338E13-83FE-4860-94E7-406AD5E51C82}.Debug|x86.Build.0 = Debug|Win32
		{0A338E13-83FE-4860-94E7-406AD5E51C82}.Release|x64.ActiveCfg = Release|x64
		{0A338E13-83FE-4860-94E7-406AD5E51C82}.Release|x64.Build.0 = Release|x64
		{0A338E13-83FE-4860-94E7-406AD5E51C82}.Release|x86.ActiveCfg = Release|Win32
		{0A338E13-83FE-4860-94E7-406AD5E51C82}.Release|x86.Build.0 = Release|Win32
		{89B9BF83-E6B9-477D-BF0C-642D2B5BE603}.Debug|x64.ActiveCfg = Debug|x64
		{89B9BF83-E6B9-477D-BF0C-642D2B5BE603}.Debug|x64.Build.0 = Debug|x64
		{89B9BF83-E6B9-477D-BF0C-642D2B5BE603}.Debug|x86.ActiveCfg = Debug|Win32
		{89B9BF83-E6B9-477D-BF0C-642D2B5BE603}.Debug|x86.Build.0 = Debug|Win32
		{89B9BF83-E6B9-477D-BF0C-642D2B5BE603}.Release|x64.ActiveCfg = Release|x64
		{89B9BF83-E6B9-477D-BF0C-642D2B5BE603}.Release|x64.Build.0 = Release|x64
		{89B9BF83-E6B9-477D-BF0C-642D2B5BE603}.Release|x86.ActiveCfg = Release|Win32
		{89B9BF83-E6B9-477D-BF0C-642D2B5BE603}.Release|x86.Build.0 = Release|Win32
	EndGlobalSection
	GlobalSection(SolutionProperties) = preSolution
		HideSolutionNode = FALSE
	EndGlobalSection
	GlobalSection(ExtensibilityGlobals) = postSolution
		SolutionGuid = {CA753B34-0876-4A5A-94DD-C13B461EDCC6}
	EndGlobalSection
EndGlobal
